
Microsoft Visual Studio Solution File, Format Version 12.00
# Visual Studio Version 17
VisualStudioVersion = 17.14.36616.10
MinimumVisualStudioVersion = 10.0.40219.1
Project("{FAE04EC0-301F-11D3-BF4B-00C04F79EFBC}") = "M001_Einführung", "M001_Einführung\M001_Einführung.csproj", "{2F3EFAA1-77A4-44C6-BE5E-404D8A569270}"
EndProject
Project("{FAE04EC0-301F-11D3-BF4B-00C04F79EFBC}") = "M002-Überblick", "M002-Überblick\M002-Überblick.csproj", "{E93B36A6-A44D-4516-ADA8-8D52E8943A06}"
EndProject
Project("{FAE04EC0-301F-11D3-BF4B-00C04F79EFBC}") = "M000", "M000\M000.csproj", "{874BEBF9-461D-4310-8EB0-7F458E4C33C2}"
EndProject
Project("{FAE04EC0-301F-11D3-BF4B-00C04F79EFBC}") = "M003-Controller", "M003-Controller\M003-Controller.csproj", "{C81078A6-8442-4FAA-A05B-5ADA4BCFDA65}"
EndProject
Project("{FAE04EC0-301F-11D3-BF4B-00C04F79EFBC}") = "M003-MinimalAPI", "M003-MinimalAPI\M003-MinimalAPI.csproj", "{2E4C7D8F-C878-4751-AD12-39772CB82C09}"
EndProject
Project("{FAE04EC0-301F-11D3-BF4B-00C04F79EFBC}") = "M000_MovieStore", "M000_MovieStore\M000_MovieStore.csproj", "{EF820C0F-ECED-43CD-95CF-6928D3E57ABD}"
EndProject
Project("{FAE04EC0-301F-11D3-BF4B-00C04F79EFBC}") = "M004_Routing", "M004_Routing\M004_Routing.csproj", "{7377A420-1E46-46C3-91FD-C9FFB2B9EF61}"
EndProject
Project("{FAE04EC0-301F-11D3-BF4B-00C04F79EFBC}") = "M005_EFCore", "M005_EFCore\M005_EFCore.csproj", "{B7EBD5DB-3173-42E4-BCF8-2AD567CB176A}"
EndProject
Project("{FAE04EC0-301F-11D3-BF4B-00C04F79EFBC}") = "M006_Testing", "M006_Testing\M006_Testing.csproj", "{1279C1F8-6CFD-48A8-AEDC-8E2F31282BE4}"
EndProject
Project("{FAE04EC0-301F-11D3-BF4B-00C04F79EFBC}") = "M006_Testing_Tests", "M006_Testing_Tests\M006_Testing_Tests.csproj", "{3F09FD75-0D3F-4A7C-9563-2BE096CD67E5}"
EndProject
Project("{FAE04EC0-301F-11D3-BF4B-00C04F79EFBC}") = "M007_Authentication", "M007_Authentication\M007_Authentication.csproj", "{A007CE50-044F-4AD9-A754-BC6C75BCCACC}"
EndProject
Global
	GlobalSection(SolutionConfigurationPlatforms) = preSolution
		Debug|Any CPU = Debug|Any CPU
		Release|Any CPU = Release|Any CPU
	EndGlobalSection
	GlobalSection(ProjectConfigurationPlatforms) = postSolution
		{2F3EFAA1-77A4-44C6-BE5E-404D8A569270}.Debug|Any CPU.ActiveCfg = Debug|Any CPU
		{2F3EFAA1-77A4-44C6-BE5E-404D8A569270}.Debug|Any CPU.Build.0 = Debug|Any CPU
		{2F3EFAA1-77A4-44C6-BE5E-404D8A569270}.Release|Any CPU.ActiveCfg = Release|Any CPU
		{2F3EFAA1-77A4-44C6-BE5E-404D8A569270}.Release|Any CPU.Build.0 = Release|Any CPU
		{E93B36A6-A44D-4516-ADA8-8D52E8943A06}.Debug|Any CPU.ActiveCfg = Debug|Any CPU
		{E93B36A6-A44D-4516-ADA8-8D52E8943A06}.Debug|Any CPU.Build.0 = Debug|Any CPU
		{E93B36A6-A44D-4516-ADA8-8D52E8943A06}.Release|Any CPU.ActiveCfg = Release|Any CPU
		{E93B36A6-A44D-4516-ADA8-8D52E8943A06}.Release|Any CPU.Build.0 = Release|Any CPU
		{874BEBF9-461D-4310-8EB0-7F458E4C33C2}.Debug|Any CPU.ActiveCfg = Debug|Any CPU
		{874BEBF9-461D-4310-8EB0-7F458E4C33C2}.Debug|Any CPU.Build.0 = Debug|Any CPU
		{874BEBF9-461D-4310-8EB0-7F458E4C33C2}.Release|Any CPU.ActiveCfg = Release|Any CPU
		{874BEBF9-461D-4310-8EB0-7F458E4C33C2}.Release|Any CPU.Build.0 = Release|Any CPU
		{C81078A6-8442-4FAA-A05B-5ADA4BCFDA65}.Debug|Any CPU.ActiveCfg = Debug|Any CPU
		{C81078A6-8442-4FAA-A05B-5ADA4BCFDA65}.Debug|Any CPU.Build.0 = Debug|Any CPU
		{C81078A6-8442-4FAA-A05B-5ADA4BCFDA65}.Release|Any CPU.ActiveCfg = Release|Any CPU
		{C81078A6-8442-4FAA-A05B-5ADA4BCFDA65}.Release|Any CPU.Build.0 = Release|Any CPU
		{2E4C7D8F-C878-4751-AD12-39772CB82C09}.Debug|Any CPU.ActiveCfg = Debug|Any CPU
		{2E4C7D8F-C878-4751-AD12-39772CB82C09}.Debug|Any CPU.Build.0 = Debug|Any CPU
		{2E4C7D8F-C878-4751-AD12-39772CB82C09}.Release|Any CPU.ActiveCfg = Release|Any CPU
		{2E4C7D8F-C878-4751-AD12-39772CB82C09}.Release|Any CPU.Build.0 = Release|Any CPU
		{EF820C0F-ECED-43CD-95CF-6928D3E57ABD}.Debug|Any CPU.ActiveCfg = Debug|Any CPU
		{EF820C0F-ECED-43CD-95CF-6928D3E57ABD}.Debug|Any CPU.Build.0 = Debug|Any CPU
		{EF820C0F-ECED-43CD-95CF-6928D3E57ABD}.Release|Any CPU.ActiveCfg = Release|Any CPU
		{EF820C0F-ECED-43CD-95CF-6928D3E57ABD}.Release|Any CPU.Build.0 = Release|Any CPU
		{7377A420-1E46-46C3-91FD-C9FFB2B9EF61}.Debug|Any CPU.ActiveCfg = Debug|Any CPU
		{7377A420-1E46-46C3-91FD-C9FFB2B9EF61}.Debug|Any CPU.Build.0 = Debug|Any CPU
		{7377A420-1E46-46C3-91FD-C9FFB2B9EF61}.Release|Any CPU.ActiveCfg = Release|Any CPU
		{7377A420-1E46-46C3-91FD-C9FFB2B9EF61}.Release|Any CPU.Build.0 = Release|Any CPU
		{B7EBD5DB-3173-42E4-BCF8-2AD567CB176A}.Debug|Any CPU.ActiveCfg = Debug|Any CPU
		{B7EBD5DB-3173-42E4-BCF8-2AD567CB176A}.Debug|Any CPU.Build.0 = Debug|Any CPU
		{B7EBD5DB-3173-42E4-BCF8-2AD567CB176A}.Release|Any CPU.ActiveCfg = Release|Any CPU
		{B7EBD5DB-3173-42E4-BCF8-2AD567CB176A}.Release|Any CPU.Build.0 = Release|Any CPU
		{1279C1F8-6CFD-48A8-AEDC-8E2F31282BE4}.Debug|Any CPU.ActiveCfg = Debug|Any CPU
		{1279C1F8-6CFD-48A8-AEDC-8E2F31282BE4}.Debug|Any CPU.Build.0 = Debug|Any CPU
		{1279C1F8-6CFD-48A8-AEDC-8E2F31282BE4}.Release|Any CPU.ActiveCfg = Release|Any CPU
		{1279C1F8-6CFD-48A8-AEDC-8E2F31282BE4}.Release|Any CPU.Build.0 = Release|Any CPU
		{3F09FD75-0D3F-4A7C-9563-2BE096CD67E5}.Debug|Any CPU.ActiveCfg = Debug|Any CPU
		{3F09FD75-0D3F-4A7C-9563-2BE096CD67E5}.Debug|Any CPU.Build.0 = Debug|Any CPU
		{3F09FD75-0D3F-4A7C-9563-2BE096CD67E5}.Release|Any CPU.ActiveCfg = Release|Any CPU
		{3F09FD75-0D3F-4A7C-9563-2BE096CD67E5}.Release|Any CPU.Build.0 = Release|Any CPU
		{A007CE50-044F-4AD9-A754-BC6C75BCCACC}.Debug|Any CPU.ActiveCfg = Debug|Any CPU
		{A007CE50-044F-4AD9-A754-BC6C75BCCACC}.Debug|Any CPU.Build.0 = Debug|Any CPU
		{A007CE50-044F-4AD9-A754-BC6C75BCCACC}.Release|Any CPU.ActiveCfg = Release|Any CPU
		{A007CE50-044F-4AD9-A754-BC6C75BCCACC}.Release|Any CPU.Build.0 = Release|Any CPU
	EndGlobalSection
	GlobalSection(SolutionProperties) = preSolution
		HideSolutionNode = FALSE
	EndGlobalSection
	GlobalSection(ExtensibilityGlobals) = postSolution
		SolutionGuid = {0A5C76B4-1B9E-4681-8CD8-097B3A403B2C}
	EndGlobalSection
EndGlobal
